// !$*UTF8*$!
{
	archiveVersion = 1;
	classes = {
	};
	objectVersion = 56;
	objects = {

/* Begin PBXBuildFile section */
		FCB57F4D2D07258B007C908E /* AppDelegate.m in Sources */ = {isa = PBXBuildFile; fileRef = FCB57F4C2D07258B007C908E /* AppDelegate.m */; };
		FCB57F502D07258B007C908E /* SceneDelegate.m in Sources */ = {isa = PBXBuildFile; fileRef = FCB57F4F2D07258B007C908E /* SceneDelegate.m */; };
		FCB57F532D07258B007C908E /* ViewController.m in Sources */ = {isa = PBXBuildFile; fileRef = FCB57F522D07258B007C908E /* ViewController.m */; };
		FCB57F562D07258B007C908E /* Main.storyboard in Resources */ = {isa = PBXBuildFile; fileRef = FCB57F542D07258B007C908E /* Main.storyboard */; };
		FCB57F582D07258C007C908E /* Assets.xcassets in Resources */ = {isa = PBXBuildFile; fileRef = FCB57F572D07258C007C908E /* Assets.xcassets */; };
		FCB57F5B2D07258C007C908E /* LaunchScreen.storyboard in Resources */ = {isa = PBXBuildFile; fileRef = FCB57F592D07258C007C908E /* LaunchScreen.storyboard */; };
		FCB57F5E2D07258C007C908E /* main.m in Sources */ = {isa = PBXBuildFile; fileRef = FCB57F5D2D07258C007C908E /* main.m */; };
		FCB57F662D0725E8007C908E /* CircularSegmentedControl.m in Sources */ = {isa = PBXBuildFile; fileRef = FCB57F652D0725E8007C908E /* CircularSegmentedControl.m */; };
		FCB57F692D072BFC007C908E /* Segment.m in Sources */ = {isa = PBXBuildFile; fileRef = FCB57F682D072BFC007C908E /* Segment.m */; };
		FCB57F6C2D09C47A007C908E /* ArcTextView.m in Sources */ = {isa = PBXBuildFile; fileRef = FCB57F6B2D09C47A007C908E /* ArcTextView.m */; };
		FCB57F732D0A27AA007C908E /* SampleSegmentTitles.m in Sources */ = {isa = PBXBuildFile; fileRef = FCB57F722D0A27AA007C908E /* SampleSegmentTitles.m */; };
/* End PBXBuildFile section */

/* Begin PBXFileReference section */
		FCB57F482D07258B007C908E /* CircularSegmentedControl.app */ = {isa = PBXFileReference; explicitFileType = wrapper.application; includeInIndex = 0; path = CircularSegmentedControl.app; sourceTree = BUILT_PRODUCTS_DIR; };
		FCB57F4B2D07258B007C908E /* AppDelegate.h */ = {isa = PBXFileReference; lastKnownFileType = sourcecode.c.h; path = AppDelegate.h; sourceTree = "<group>"; };
		FCB57F4C2D07258B007C908E /* AppDelegate.m */ = {isa = PBXFileReference; lastKnownFileType = sourcecode.c.objc; path = AppDelegate.m; sourceTree = "<group>"; };
		FCB57F4E2D07258B007C908E /* SceneDelegate.h */ = {isa = PBXFileReference; lastKnownFileType = sourcecode.c.h; path = SceneDelegate.h; sourceTree = "<group>"; };
		FCB57F4F2D07258B007C908E /* SceneDelegate.m */ = {isa = PBXFileReference; lastKnownFileType = sourcecode.c.objc; path = SceneDelegate.m; sourceTree = "<group>"; };
		FCB57F512D07258B007C908E /* ViewController.h */ = {isa = PBXFileReference; lastKnownFileType = sourcecode.c.h; path = ViewController.h; sourceTree = "<group>"; };
		FCB57F522D07258B007C908E /* ViewController.m */ = {isa = PBXFileReference; lastKnownFileType = sourcecode.c.objc; path = ViewController.m; sourceTree = "<group>"; };
		FCB57F552D07258B007C908E /* Base */ = {isa = PBXFileReference; lastKnownFileType = file.storyboard; name = Base; path = Base.lproj/Main.storyboard; sourceTree = "<group>"; };
		FCB57F572D07258C007C908E /* Assets.xcassets */ = {isa = PBXFileReference; lastKnownFileType = folder.assetcatalog; path = Assets.xcassets; sourceTree = "<group>"; };
		FCB57F5A2D07258C007C908E /* Base */ = {isa = PBXFileReference; lastKnownFileType = file.storyboard; name = Base; path = Base.lproj/LaunchScreen.storyboard; sourceTree = "<group>"; };
		FCB57F5C2D07258C007C908E /* Info.plist */ = {isa = PBXFileReference; lastKnownFileType = text.plist.xml; path = Info.plist; sourceTree = "<group>"; };
		FCB57F5D2D07258C007C908E /* main.m */ = {isa = PBXFileReference; lastKnownFileType = sourcecode.c.objc; path = main.m; sourceTree = "<group>"; };
		FCB57F642D0725E8007C908E /* CircularSegmentedControl.h */ = {isa = PBXFileReference; lastKnownFileType = sourcecode.c.h; path = CircularSegmentedControl.h; sourceTree = "<group>"; };
		FCB57F652D0725E8007C908E /* CircularSegmentedControl.m */ = {isa = PBXFileReference; lastKnownFileType = sourcecode.c.objc; path = CircularSegmentedControl.m; sourceTree = "<group>"; };
		FCB57F672D072BFC007C908E /* Segment.h */ = {isa = PBXFileReference; lastKnownFileType = sourcecode.c.h; path = Segment.h; sourceTree = "<group>"; };
		FCB57F682D072BFC007C908E /* Segment.m */ = {isa = PBXFileReference; lastKnownFileType = sourcecode.c.objc; path = Segment.m; sourceTree = "<group>"; };
		FCB57F6A2D09C47A007C908E /* ArcTextView.h */ = {isa = PBXFileReference; lastKnownFileType = sourcecode.c.h; path = ArcTextView.h; sourceTree = "<group>"; };
		FCB57F6B2D09C47A007C908E /* ArcTextView.m */ = {isa = PBXFileReference; lastKnownFileType = sourcecode.c.objc; path = ArcTextView.m; sourceTree = "<group>"; };
		FCB57F712D0A27AA007C908E /* SampleSegmentTitles.h */ = {isa = PBXFileReference; lastKnownFileType = sourcecode.c.h; path = SampleSegmentTitles.h; sourceTree = "<group>"; };
		FCB57F722D0A27AA007C908E /* SampleSegmentTitles.m */ = {isa = PBXFileReference; lastKnownFileType = sourcecode.c.objc; path = SampleSegmentTitles.m; sourceTree = "<group>"; };
/* End PBXFileReference section */

/* Begin PBXFrameworksBuildPhase section */
		FCB57F452D07258B007C908E /* Frameworks */ = {
			isa = PBXFrameworksBuildPhase;
			buildActionMask = 2147483647;
			files = (
			);
			runOnlyForDeploymentPostprocessing = 0;
		};
/* End PBXFrameworksBuildPhase section */

/* Begin PBXGroup section */
		FCB57F3F2D07258B007C908E = {
			isa = PBXGroup;
			children = (
				FCB57F4A2D07258B007C908E /* CircularSegmentedControl */,
				FCB57F492D07258B007C908E /* Products */,
			);
			sourceTree = "<group>";
		};
		FCB57F492D07258B007C908E /* Products */ = {
			isa = PBXGroup;
			children = (
				FCB57F482D07258B007C908E /* CircularSegmentedControl.app */,
			);
			name = Products;
			sourceTree = "<group>";
		};
		FCB57F4A2D07258B007C908E /* CircularSegmentedControl */ = {
			isa = PBXGroup;
			children = (
				FCB57F4B2D07258B007C908E /* AppDelegate.h */,
				FCB57F4C2D07258B007C908E /* AppDelegate.m */,
				FCB57F4E2D07258B007C908E /* SceneDelegate.h */,
				FCB57F4F2D07258B007C908E /* SceneDelegate.m */,
				FCB57F512D07258B007C908E /* ViewController.h */,
				FCB57F522D07258B007C908E /* ViewController.m */,
				FCB57F642D0725E8007C908E /* CircularSegmentedControl.h */,
				FCB57F652D0725E8007C908E /* CircularSegmentedControl.m */,
				FCB57F6A2D09C47A007C908E /* ArcTextView.h */,
				FCB57F6B2D09C47A007C908E /* ArcTextView.m */,
				FCB57F672D072BFC007C908E /* Segment.h */,
				FCB57F682D072BFC007C908E /* Segment.m */,
				FCB57F712D0A27AA007C908E /* SampleSegmentTitles.h */,
				FCB57F722D0A27AA007C908E /* SampleSegmentTitles.m */,
				FCB57F542D07258B007C908E /* Main.storyboard */,
				FCB57F572D07258C007C908E /* Assets.xcassets */,
				FCB57F592D07258C007C908E /* LaunchScreen.storyboard */,
				FCB57F5C2D07258C007C908E /* Info.plist */,
				FCB57F5D2D07258C007C908E /* main.m */,
			);
			path = CircularSegmentedControl;
			sourceTree = "<group>";
		};
/* End PBXGroup section */

/* Begin PBXNativeTarget section */
		FCB57F472D07258B007C908E /* CircularSegmentedControl */ = {
			isa = PBXNativeTarget;
			buildConfigurationList = FCB57F612D07258C007C908E /* Build configuration list for PBXNativeTarget "CircularSegmentedControl" */;
			buildPhases = (
				FCB57F442D07258B007C908E /* Sources */,
				FCB57F452D07258B007C908E /* Frameworks */,
				FCB57F462D07258B007C908E /* Resources */,
			);
			buildRules = (
			);
			dependencies = (
			);
			name = CircularSegmentedControl;
			productName = CircularSegmentedControl;
			productReference = FCB57F482D07258B007C908E /* CircularSegmentedControl.app */;
			productType = "com.apple.product-type.application";
		};
/* End PBXNativeTarget section */

/* Begin PBXProject section */
		FCB57F402D07258B007C908E /* Project object */ = {
			isa = PBXProject;
			attributes = {
				BuildIndependentTargetsInParallel = 1;
				LastUpgradeCheck = 1500;
				TargetAttributes = {
					FCB57F472D07258B007C908E = {
						CreatedOnToolsVersion = 15.0;
					};
				};
			};
			buildConfigurationList = FCB57F432D07258B007C908E /* Build configuration list for PBXProject "CircularSegmentedControl" */;
			compatibilityVersion = "Xcode 14.0";
			developmentRegion = en;
			hasScannedForEncodings = 0;
			knownRegions = (
				en,
				Base,
			);
			mainGroup = FCB57F3F2D07258B007C908E;
			productRefGroup = FCB57F492D07258B007C908E /* Products */;
			projectDirPath = "";
			projectRoot = "";
			targets = (
				FCB57F472D07258B007C908E /* CircularSegmentedControl */,
			);
		};
/* End PBXProject section */

/* Begin PBXResourcesBuildPhase section */
		FCB57F462D07258B007C908E /* Resources */ = {
			isa = PBXResourcesBuildPhase;
			buildActionMask = 2147483647;
			files = (
				FCB57F5B2D07258C007C908E /* LaunchScreen.storyboard in Resources */,
				FCB57F582D07258C007C908E /* Assets.xcassets in Resources */,
				FCB57F562D07258B007C908E /* Main.storyboard in Resources */,
			);
			runOnlyForDeploymentPostprocessing = 0;
		};
/* End PBXResourcesBuildPhase section */

/* Begin PBXSourcesBuildPhase section */
		FCB57F442D07258B007C908E /* Sources */ = {
			isa = PBXSourcesBuildPhase;
			buildActionMask = 2147483647;
			files = (
				FCB57F532D07258B007C908E /* ViewController.m in Sources */,
				FCB57F4D2D07258B007C908E /* AppDelegate.m in Sources */,
				FCB57F732D0A27AA007C908E /* SampleSegmentTitles.m in Sources */,
				FCB57F5E2D07258C007C908E /* main.m in Sources */,
				FCB57F502D07258B007C908E /* SceneDelegate.m in Sources */,
				FCB57F662D0725E8007C908E /* CircularSegmentedControl.m in Sources */,
				FCB57F6C2D09C47A007C908E /* ArcTextView.m in Sources */,
				FCB57F692D072BFC007C908E /* Segment.m in Sources */,
			);
			runOnlyForDeploymentPostprocessing = 0;
		};
/* End PBXSourcesBuildPhase section */

/* Begin PBXVariantGroup section */
		FCB57F542D07258B007C908E /* Main.storyboard */ = {
			isa = PBXVariantGroup;
			children = (
				FCB57F552D07258B007C908E /* Base */,
			);
			name = Main.storyboard;
			sourceTree = "<group>";
		};
		FCB57F592D07258C007C908E /* LaunchScreen.storyboard */ = {
			isa = PBXVariantGroup;
			children = (
				FCB57F5A2D07258C007C908E /* Base */,
			);
			name = LaunchScreen.storyboard;
			sourceTree = "<group>";
		};
/* End PBXVariantGroup section */

/* Begin XCBuildConfiguration section */
		FCB57F5F2D07258C007C908E /* Debug */ = {
			isa = XCBuildConfiguration;
			buildSettings = {
				ALWAYS_SEARCH_USER_PATHS = NO;
				ASSETCATALOG_COMPILER_GENERATE_SWIFT_ASSET_SYMBOL_EXTENSIONS = YES;
				CLANG_ANALYZER_NONNULL = YES;
				CLANG_ANALYZER_NUMBER_OBJECT_CONVERSION = YES_AGGRESSIVE;
				CLANG_CXX_LANGUAGE_STANDARD = "gnu++20";
				CLANG_ENABLE_MODULES = YES;
				CLANG_ENABLE_OBJC_ARC = YES;
				CLANG_ENABLE_OBJC_WEAK = YES;
				CLANG_WARN_BLOCK_CAPTURE_AUTORELEASING = YES;
				CLANG_WARN_BOOL_CONVERSION = YES;
				CLANG_WARN_COMMA = YES;
				CLANG_WARN_CONSTANT_CONVERSION = YES;
				CLANG_WARN_DEPRECATED_OBJC_IMPLEMENTATIONS = YES;
				CLANG_WARN_DIRECT_OBJC_ISA_USAGE = YES_ERROR;
				CLANG_WARN_DOCUMENTATION_COMMENTS = YES;
				CLANG_WARN_EMPTY_BODY = YES;
				CLANG_WARN_ENUM_CONVERSION = YES;
				CLANG_WARN_INFINITE_RECURSION = YES;
				CLANG_WARN_INT_CONVERSION = YES;
				CLANG_WARN_NON_LITERAL_NULL_CONVERSION = YES;
				CLANG_WARN_OBJC_IMPLICIT_RETAIN_SELF = YES;
				CLANG_WARN_OBJC_LITERAL_CONVERSION = YES;
				CLANG_WARN_OBJC_ROOT_CLASS = YES_ERROR;
				CLANG_WARN_QUOTED_INCLUDE_IN_FRAMEWORK_HEADER = YES;
				CLANG_WARN_RANGE_LOOP_ANALYSIS = YES;
				CLANG_WARN_STRICT_PROTOTYPES = YES;
				CLANG_WARN_SUSPICIOUS_MOVE = YES;
				CLANG_WARN_UNGUARDED_AVAILABILITY = YES_AGGRESSIVE;
				CLANG_WARN_UNREACHABLE_CODE = YES;
				CLANG_WARN__DUPLICATE_METHOD_MATCH = YES;
				COPY_PHASE_STRIP = NO;
				DEBUG_INFORMATION_FORMAT = dwarf;
				ENABLE_STRICT_OBJC_MSGSEND = YES;
				ENABLE_TESTABILITY = YES;
				ENABLE_USER_SCRIPT_SANDBOXING = YES;
				GCC_C_LANGUAGE_STANDARD = gnu17;
				GCC_DYNAMIC_NO_PIC = NO;
				GCC_NO_COMMON_BLOCKS = YES;
				GCC_OPTIMIZATION_LEVEL = 0;
				GCC_PREPROCESSOR_DEFINITIONS = (
					"DEBUG=1",
					"$(inherited)",
				);
				GCC_WARN_64_TO_32_BIT_CONVERSION = YES;
				GCC_WARN_ABOUT_RETURN_TYPE = YES_ERROR;
				GCC_WARN_UNDECLARED_SELECTOR = YES;
				GCC_WARN_UNINITIALIZED_AUTOS = YES_AGGRESSIVE;
				GCC_WARN_UNUSED_FUNCTION = YES;
				GCC_WARN_UNUSED_VARIABLE = YES;
				IPHONEOS_DEPLOYMENT_TARGET = 17.0;
				LOCALIZATION_PREFERS_STRING_CATALOGS = YES;
				MTL_ENABLE_DEBUG_INFO = INCLUDE_SOURCE;
				MTL_FAST_MATH = YES;
				ONLY_ACTIVE_ARCH = YES;
				SDKROOT = iphoneos;
			};
			name = Debug;
		};
		FCB57F602D07258C007C908E /* Release */ = {
			isa = XCBuildConfiguration;
			buildSettings = {
				ALWAYS_SEARCH_USER_PATHS = NO;
				ASSETCATALOG_COMPILER_GENERATE_SWIFT_ASSET_SYMBOL_EXTENSIONS = YES;
				CLANG_ANALYZER_NONNULL = YES;
				CLANG_ANALYZER_NUMBER_OBJECT_CONVERSION = YES_AGGRESSIVE;
				CLANG_CXX_LANGUAGE_STANDARD = "gnu++20";
				CLANG_ENABLE_MODULES = YES;
				CLANG_ENABLE_OBJC_ARC = YES;
				CLANG_ENABLE_OBJC_WEAK = YES;
				CLANG_WARN_BLOCK_CAPTURE_AUTORELEASING = YES;
				CLANG_WARN_BOOL_CONVERSION = YES;
				CLANG_WARN_COMMA = YES;
				CLANG_WARN_CONSTANT_CONVERSION = YES;
				CLANG_WARN_DEPRECATED_OBJC_IMPLEMENTATIONS = YES;
				CLANG_WARN_DIRECT_OBJC_ISA_USAGE = YES_ERROR;
				CLANG_WARN_DOCUMENTATION_COMMENTS = YES;
				CLANG_WARN_EMPTY_BODY = YES;
				CLANG_WARN_ENUM_CONVERSION = YES;
				CLANG_WARN_INFINITE_RECURSION = YES;
				CLANG_WARN_INT_CONVERSION = YES;
				CLANG_WARN_NON_LITERAL_NULL_CONVERSION = YES;
				CLANG_WARN_OBJC_IMPLICIT_RETAIN_SELF = YES;
				CLANG_WARN_OBJC_LITERAL_CONVERSION = YES;
				CLANG_WARN_OBJC_ROOT_CLASS = YES_ERROR;
				CLANG_WARN_QUOTED_INCLUDE_IN_FRAMEWORK_HEADER = YES;
				CLANG_WARN_RANGE_LOOP_ANALYSIS = YES;
				CLANG_WARN_STRICT_PROTOTYPES = YES;
				CLANG_WARN_SUSPICIOUS_MOVE = YES;
				CLANG_WARN_UNGUARDED_AVAILABILITY = YES_AGGRESSIVE;
				CLANG_WARN_UNREACHABLE_CODE = YES;
				CLANG_WARN__DUPLICATE_METHOD_MATCH = YES;
				COPY_PHASE_STRIP = NO;
				DEBUG_INFORMATION_FORMAT = "dwarf-with-dsym";
				ENABLE_NS_ASSERTIONS = NO;
				ENABLE_STRICT_OBJC_MSGSEND = YES;
				ENABLE_USER_SCRIPT_SANDBOXING = YES;
				GCC_C_LANGUAGE_STANDARD = gnu17;
				GCC_NO_COMMON_BLOCKS = YES;
				GCC_WARN_64_TO_32_BIT_CONVERSION = YES;
				GCC_WARN_ABOUT_RETURN_TYPE = YES_ERROR;
				GCC_WARN_UNDECLARED_SELECTOR = YES;
				GCC_WARN_UNINITIALIZED_AUTOS = YES_AGGRESSIVE;
				GCC_WARN_UNUSED_FUNCTION = YES;
				GCC_WARN_UNUSED_VARIABLE = YES;
				IPHONEOS_DEPLOYMENT_TARGET = 17.0;
				LOCALIZATION_PREFERS_STRING_CATALOGS = YES;
				MTL_ENABLE_DEBUG_INFO = NO;
				MTL_FAST_MATH = YES;
				SDKROOT = iphoneos;
				VALIDATE_PRODUCT = YES;
			};
			name = Release;
		};
		FCB57F622D07258C007C908E /* Debug */ = {
			isa = XCBuildConfiguration;
			buildSettings = {
				ASSETCATALOG_COMPILER_APPICON_NAME = AppIcon;
				ASSETCATALOG_COMPILER_GLOBAL_ACCENT_COLOR_NAME = AccentColor;
				CODE_SIGN_STYLE = Automatic;
				CURRENT_PROJECT_VERSION = 1;
				GENERATE_INFOPLIST_FILE = YES;
				INFOPLIST_FILE = CircularSegmentedControl/Info.plist;
				INFOPLIST_KEY_UIApplicationSupportsIndirectInputEvents = YES;
				INFOPLIST_KEY_UILaunchStoryboardName = LaunchScreen;
				INFOPLIST_KEY_UIMainStoryboardFile = Main;
				INFOPLIST_KEY_UISupportedInterfaceOrientations_iPad = "UIInterfaceOrientationPortrait UIInterfaceOrientationPortraitUpsideDown UIInterfaceOrientationLandscapeLeft UIInterfaceOrientationLandscapeRight";
				INFOPLIST_KEY_UISupportedInterfaceOrientations_iPhone = "UIInterfaceOrientationPortrait UIInterfaceOrientationLandscapeLeft UIInterfaceOrientationLandscapeRight";
				LD_RUNPATH_SEARCH_PATHS = (
					"$(inherited)",
					"@executable_path/Frameworks",
				);
				MARKETING_VERSION = 1.0;
				PRODUCT_BUNDLE_IDENTIFIER = com.DonMag.CircularSegmentedControl;
				PRODUCT_NAME = "$(TARGET_NAME)";
				SWIFT_EMIT_LOC_STRINGS = YES;
				TARGETED_DEVICE_FAMILY = "1,2";
			};
			name = Debug;
		};
		FCB57F632D07258C007C908E /* Release */ = {
			isa = XCBuildConfiguration;
			buildSettings = {
				ASSETCATALOG_COMPILER_APPICON_NAME = AppIcon;
				ASSETCATALOG_COMPILER_GLOBAL_ACCENT_COLOR_NAME = AccentColor;
				CODE_SIGN_STYLE = Automatic;
				CURRENT_PROJECT_VERSION = 1;
				GENERATE_INFOPLIST_FILE = YES;
				INFOPLIST_FILE = CircularSegmentedControl/Info.plist;
				INFOPLIST_KEY_UIApplicationSupportsIndirectInputEvents = YES;
				INFOPLIST_KEY_UILaunchStoryboardName = LaunchScreen;
				INFOPLIST_KEY_UIMainStoryboardFile = Main;
				INFOPLIST_KEY_UISupportedInterfaceOrientations_iPad = "UIInterfaceOrientationPortrait UIInterfaceOrientationPortraitUpsideDown UIInterfaceOrientationLandscapeLeft UIInterfaceOrientationLandscapeRight";
				INFOPLIST_KEY_UISupportedInterfaceOrientations_iPhone = "UIInterfaceOrientationPortrait UIInterfaceOrientationLandscapeLeft UIInterfaceOrientationLandscapeRight";
				LD_RUNPATH_SEARCH_PATHS = (
					"$(inherited)",
					"@executable_path/Frameworks",
				);
				MARKETING_VERSION = 1.0;
				PRODUCT_BUNDLE_IDENTIFIER = com.DonMag.CircularSegmentedControl;
				PRODUCT_NAME = "$(TARGET_NAME)";
				SWIFT_EMIT_LOC_STRINGS = YES;
				TARGETED_DEVICE_FAMILY = "1,2";
			};
			name = Release;
		};
/* End XCBuildConfiguration section */

/* Begin XCConfigurationList section */
		FCB57F432D07258B007C908E /* Build configuration list for PBXProject "CircularSegmentedControl" */ = {
			isa = XCConfigurationList;
			buildConfigurations = (
				FCB57F5F2D07258C007C908E /* Debug */,
				FCB57F602D07258C007C908E /* Release */,
			);
			defaultConfigurationIsVisible = 0;
			defaultConfigurationName = Release;
		};
		FCB57F612D07258C007C908E /* Build configuration list for PBXNativeTarget "CircularSegmentedControl" */ = {
			isa = XCConfigurationList;
			buildConfigurations = (
				FCB57F622D07258C007C908E /* Debug */,
				FCB57F632D07258C007C908E /* Release */,
			);
			defaultConfigurationIsVisible = 0;
			defaultConfigurationName = Release;
		};
/* End XCConfigurationList section */
	};
	rootObject = FCB57F402D07258B007C908E /* Project object */;
}
